
Microsoft Visual Studio Solution File, Format Version 12.00
# Visual Studio Version 17
VisualStudioVersion = 17.3.32901.215
MinimumVisualStudioVersion = 10.0.40219.1
Project("{FAE04EC0-301F-11D3-BF4B-00C04F79EFBC}") = "Module3App", "Module3App\Module3App.csproj", "{BCE8EA2E-C0CA-4F56-92D0-199B131B462B}"
EndProject
Global
	GlobalSection(SolutionConfigurationPlatforms) = preSolution
		Debug|Any CPU = Debug|Any CPU
		Release|Any CPU = Release|Any CPU
	EndGlobalSection
	GlobalSection(ProjectConfigurationPlatforms) = postSolution
		{BCE8EA2E-C0CA-4F56-92D0-199B131B462B}.Debug|Any CPU.ActiveCfg = Debug|Any CPU
		{BCE8EA2E-C0CA-4F56-92D0-199B131B462B}.Debug|Any CPU.Build.0 = Debug|Any CPU
		{BCE8EA2E-C0CA-4F56-92D0-199B131B462B}.Release|Any CPU.ActiveCfg = Release|Any CPU
		{BCE8EA2E-C0CA-4F56-92D0-199B131B462B}.Release|Any CPU.Build.0 = Release|Any CPU
	EndGlobalSection
	GlobalSection(SolutionProperties) = preSolution
		HideSolutionNode = FALSE
	EndGlobalSection
	GlobalSection(ExtensibilityGlobals) = postSolution
		SolutionGuid = {5654F3EB-C895-4EDE-A07D-50864ADD1186}
	EndGlobalSection
EndGlobal
